
Microsoft Visual Studio Solution File, Format Version 12.00
# Visual Studio Version 17
VisualStudioVersion = 17.8.34322.80
MinimumVisualStudioVersion = 10.0.40219.1
Project("{FAE04EC0-301F-11D3-BF4B-00C04F79EFBC}") = "Trofimovs_Ar-paliglidzekliem-uzrakstitais-paraugs", "Trofimovs_Ar-paliglidzekliem-uzrakstitais-paraugs.csproj", "{8BF3E37B-3235-42A6-9BDE-19E632C8334E}"
EndProject
Global
	GlobalSection(SolutionConfigurationPlatforms) = preSolution
		Debug|Any CPU = Debug|Any CPU
		Release|Any CPU = Release|Any CPU
	EndGlobalSection
	GlobalSection(ProjectConfigurationPlatforms) = postSolution
		{8BF3E37B-3235-42A6-9BDE-19E632C8334E}.Debug|Any CPU.ActiveCfg = Debug|Any CPU
		{8BF3E37B-3235-42A6-9BDE-19E632C8334E}.Debug|Any CPU.Build.0 = Debug|Any CPU
		{8BF3E37B-3235-42A6-9BDE-19E632C8334E}.Release|Any CPU.ActiveCfg = Release|Any CPU
		{8BF3E37B-3235-42A6-9BDE-19E632C8334E}.Release|Any CPU.Build.0 = Release|Any CPU
	EndGlobalSection
	GlobalSection(SolutionProperties) = preSolution
		HideSolutionNode = FALSE
	EndGlobalSection
	GlobalSection(ExtensibilityGlobals) = postSolution
		SolutionGuid = {83AE5D7D-624F-4DDA-A036-0C94DA245184}
	EndGlobalSection
EndGlobal
